
Microsoft Visual Studio Solution File, Format Version 12.00
# Visual Studio Version 16
VisualStudioVersion = 16.0.30011.22
MinimumVisualStudioVersion = 10.0.40219.1
Project("{FAE04EC0-301F-11D3-BF4B-00C04F79EFBC}") = "Zadanie9", "Zadanie9\Zadanie9.csproj", "{5EDF87EE-CB6E-4040-8C1B-A076297DF4AB}"
EndProject
Project("{FAE04EC0-301F-11D3-BF4B-00C04F79EFBC}") = "studentlib", "studentlib\studentlib.csproj", "{606BA46A-516B-4287-B2A1-FBE0D4266AD1}"
EndProject
Global
	GlobalSection(SolutionConfigurationPlatforms) = preSolution
		Debug|Any CPU = Debug|Any CPU
		Release|Any CPU = Release|Any CPU
	EndGlobalSection
	GlobalSection(ProjectConfigurationPlatforms) = postSolution
		{5EDF87EE-CB6E-4040-8C1B-A076297DF4AB}.Debug|Any CPU.ActiveCfg = Debug|Any CPU
		{5EDF87EE-CB6E-4040-8C1B-A076297DF4AB}.Debug|Any CPU.Build.0 = Debug|Any CPU
		{5EDF87EE-CB6E-4040-8C1B-A076297DF4AB}.Release|Any CPU.ActiveCfg = Release|Any CPU
		{5EDF87EE-CB6E-4040-8C1B-A076297DF4AB}.Release|Any CPU.Build.0 = Release|Any CPU
		{606BA46A-516B-4287-B2A1-FBE0D4266AD1}.Debug|Any CPU.ActiveCfg = Debug|Any CPU
		{606BA46A-516B-4287-B2A1-FBE0D4266AD1}.Debug|Any CPU.Build.0 = Debug|Any CPU
		{606BA46A-516B-4287-B2A1-FBE0D4266AD1}.Release|Any CPU.ActiveCfg = Release|Any CPU
		{606BA46A-516B-4287-B2A1-FBE0D4266AD1}.Release|Any CPU.Build.0 = Release|Any CPU
	EndGlobalSection
	GlobalSection(SolutionProperties) = preSolution
		HideSolutionNode = FALSE
	EndGlobalSection
	GlobalSection(ExtensibilityGlobals) = postSolution
		SolutionGuid = {B79956E8-225C-4843-A7B4-7FBD648C4E48}
	EndGlobalSection
EndGlobal
